<?xml version="1.0" encoding="utf-8"?>
<Project ToolsVersion="4.0" xmlns="http://schemas.microsoft.com/developer/msbuild/2003">
  <ItemGroup>
    <Filter Include="Source Files">
      <UniqueIdentifier>{4FC737F1-C7A5-4376-A066-2A32D752A2FF}</UniqueIdentifier>
      <Extensions>cpp;c;cc;cxx;c++;cppm;ixx;def;odl;idl;hpj;bat;asm;asmx</Extensions>
    </Filter>
    <Filter Include="Header Files">
      <UniqueIdentifier>{93995380-89BD-4b04-88EB-625FBE52EBFB}</UniqueIdentifier>
      <Extensions>h;hh;hpp;hxx;h++;hm;inl;inc;ipp;xsd</Extensions>
    </Filter>
    <Filter Include="Resource Files">
      <UniqueIdentifier>{67DA6AB6-F800-4c08-8B7A-83BB121AAD01}</UniqueIdentifier>
      <Extensions>rc;ico;cur;bmp;dlg;rc2;rct;bin;rgs;gif;jpg;jpeg;jpe;resx;tiff;tif;png;wav;mfcribbon-ms</Extensions>
    </Filter>
    <Filter Include="Source Files\App">
      <UniqueIdentifier>{704cd56b-951d-433a-8652-e40575aa8675}</UniqueIdentifier>
    </Filter>
    <Filter Include="Source Files\Presenter">
      <UniqueIdentifier>{20c3c3cc-3f51-4163-8ce0-7979eeeb633e}</UniqueIdentifier>
    </Filter>
    <Filter Include="Source Files\View">
      <UniqueIdentifier>{cfd0e2b1-6925-4b31-b580-79869bcce022}</UniqueIdentifier>
    </Filter>
    <Filter Include="Source Files\Model">
      <UniqueIdentifier>{74fbe11f-aa26-4e8b-9c3e-e04b486f18b3}</UniqueIdentifier>
    </Filter>
    <Filter Include="Source Files\Model\Factory">
      <UniqueIdentifier>{feb95571-dd78-4f9e-852a-0bebe1a14ddc}</UniqueIdentifier>
    </Filter>
  </ItemGroup>
  <ItemGroup>
    <ClCompile Include="DesafioFinalCpp.cpp">
      <Filter>Source Files\App</Filter>
    </ClCompile>
    <ClCompile Include="Vendedor.cpp">
      <Filter>Source Files\Model</Filter>
    </ClCompile>
    <ClCompile Include="Cotizacion.cpp">
      <Filter>Source Files\Model</Filter>
    </ClCompile>
    <ClCompile Include="Prenda.cpp">
      <Filter>Source Files\Model</Filter>
    </ClCompile>
    <ClCompile Include="Pantalon.cpp">
      <Filter>Source Files\Model</Filter>
    </ClCompile>
    <ClCompile Include="Camisa.cpp">
      <Filter>Source Files\Model</Filter>
    </ClCompile>
    <ClCompile Include="CamisaMangaCorta.cpp">
      <Filter>Source Files\Model</Filter>
    </ClCompile>
    <ClCompile Include="CamisaMangaLarga.cpp">
      <Filter>Source Files\Model</Filter>
    </ClCompile>
    <ClCompile Include="PantalonComun.cpp">
      <Filter>Source Files\Model</Filter>
    </ClCompile>
    <ClCompile Include="PantalonChupin.cpp">
      <Filter>Source Files\Model</Filter>
    </ClCompile>
    <ClCompile Include="Tienda.cpp">
      <Filter>Source Files\Model</Filter>
    </ClCompile>
    <ClCompile Include="IView.cpp">
      <Filter>Source Files\View</Filter>
    </ClCompile>
    <ClCompile Include="View.cpp">
      <Filter>Source Files\View</Filter>
    </ClCompile>
    <ClCompile Include="Presenter.cpp">
      <Filter>Source Files\Presenter</Filter>
    </ClCompile>
    <ClCompile Include="PrendaFactory.cpp">
      <Filter>Source Files\Model\Factory</Filter>
    </ClCompile>
  </ItemGroup>
  <ItemGroup>
    <ClInclude Include="Vendedor.h">
      <Filter>Header Files</Filter>
    </ClInclude>
    <ClInclude Include="Cotizacion.h">
      <Filter>Header Files</Filter>
    </ClInclude>
    <ClInclude Include="Prenda.h">
      <Filter>Header Files</Filter>
    </ClInclude>
    <ClInclude Include="Pantalon.h">
      <Filter>Header Files</Filter>
    </ClInclude>
    <ClInclude Include="Camisa.h">
      <Filter>Header Files</Filter>
    </ClInclude>
    <ClInclude Include="CamisaMangaCorta.h">
      <Filter>Header Files</Filter>
    </ClInclude>
    <ClInclude Include="CamisaMangaLarga.h">
      <Filter>Header Files</Filter>
    </ClInclude>
    <ClInclude Include="PantalonComun.h">
      <Filter>Header Files</Filter>
    </ClInclude>
    <ClInclude Include="PantalonChupin.h">
      <Filter>Header Files</Filter>
    </ClInclude>
    <ClInclude Include="Tienda.h">
      <Filter>Header Files</Filter>
    </ClInclude>
    <ClInclude Include="IView.h">
      <Filter>Header Files</Filter>
    </ClInclude>
    <ClInclude Include="View.h">
      <Filter>Header Files</Filter>
    </ClInclude>
    <ClInclude Include="Presenter.h">
      <Filter>Header Files</Filter>
    </ClInclude>
    <ClInclude Include="PrendaFactory.h">
      <Filter>Header Files</Filter>
    </ClInclude>
  </ItemGroup>
</Project>